uuid: 36fa7765-a48f-4cc2-baf4-3208583db44b
langcode: en
status: true
dependencies:
  module:
    - rti_gates_file_manager
  theme:
    - bartik
id: uploadfileblock
theme: bartik
region: sidebar_second
weight: 0
provider: null
plugin: rti_gates_file_upload_block
settings:
  id: rti_gates_file_upload_block
  label: 'Upload File block'
  provider: rti_gates_file_manager
  label_display: visible
visibility: {  }
